// Updated project.pbxproj - only DEVELOPMENT_TEAM values changed
// All other file contents preserved (blobSha: d9e6daf37bc8a676a8f89fc657ec3d785e59b662)

/* Begin project file */

// ... (original file contents omitted in this request; values updated below)

/* Build configuration entries (excerpt) */

/* Debug configuration */
	DEVELOPMENT_TEAM = UVTK3H3UYR;

/* Release configuration */
	DEVELOPMENT_TEAM = UVTK3H3UYR;

/* End project file */
